
Microsoft Visual Studio Solution File, Format Version 12.00
# Visual Studio 15
Project("{FAE04EC0-301F-11D3-BF4B-00C04F79EFBC}") = "Assembly-CSharp", "Assembly-CSharp.csproj", "{690CAD69-267F-0F70-6D76-5D0FA7538CA0}"
EndProject
Global
	GlobalSection(SolutionConfigurationPlatforms) = preSolution
		Debug|Any CPU = Debug|Any CPU
		Release|Any CPU = Release|Any CPU
	EndGlobalSection
	GlobalSection(ProjectConfigurationPlatforms) = postSolution
		{690CAD69-267F-0F70-6D76-5D0FA7538CA0}.Debug|Any CPU.ActiveCfg = Debug|Any CPU
		{690CAD69-267F-0F70-6D76-5D0FA7538CA0}.Debug|Any CPU.Build.0 = Debug|Any CPU
		{690CAD69-267F-0F70-6D76-5D0FA7538CA0}.Release|Any CPU.ActiveCfg = Release|Any CPU
		{690CAD69-267F-0F70-6D76-5D0FA7538CA0}.Release|Any CPU.Build.0 = Release|Any CPU
	EndGlobalSection
	GlobalSection(SolutionProperties) = preSolution
		HideSolutionNode = FALSE
	EndGlobalSection
EndGlobal
